// !$*UTF8*$!
{
	archiveVersion = 1;
	classes = {
	};
	objectVersion = 55;
	objects = {

/* Begin PBXBuildFile section */
		00E356F31AD99517003FC87E /* LMCTests.m in Sources */ = {isa = PBXBuildFile; fileRef = 00E356F21AD99517003FC87E /* LMCTests.m */; };
		13B07FBC1A68108700A75B9A /* AppDelegate.m in Sources */ = {isa = PBXBuildFile; fileRef = 13B07FB01A68108700A75B9A /* AppDelegate.m */; };
		13B07FBF1A68108700A75B9A /* Images.xcassets in Resources */ = {isa = PBXBuildFile; fileRef = 13B07FB51A68108700A75B9A /* Images.xcassets */; };
		13B07FC11A68108700A75B9A /* main.m in Sources */ = {isa = PBXBuildFile; fileRef = 13B07FB71A68108700A75B9A /* main.m */; };
		1907BA64287C2E5F00D43528 /* AntDesign.ttf in Resources */ = {isa = PBXBuildFile; fileRef = 3678142CB3024641BAFADD66 /* AntDesign.ttf */; };
		1907BA65287C2E5F00D43528 /* Ionicons.ttf in Resources */ = {isa = PBXBuildFile; fileRef = 9382CDEEE1D142E6BCCE3310 /* Ionicons.ttf */; };
		1907BA66287C2E5F00D43528 /* MaterialCommunityIcons.ttf in Resources */ = {isa = PBXBuildFile; fileRef = F9ABE0E05BBF4732AC9F321F /* MaterialCommunityIcons.ttf */; };
		1907BA67287C2E5F00D43528 /* Feather.ttf in Resources */ = {isa = PBXBuildFile; fileRef = B39C9BEF82D644FAB4FB700B /* Feather.ttf */; };
		1907BA68287C2E5F00D43528 /* FontAwesome5_Brands.ttf in Resources */ = {isa = PBXBuildFile; fileRef = 39DE9A9692804D619F88E758 /* FontAwesome5_Brands.ttf */; };
		1907BA69287C2E5F00D43528 /* SimpleLineIcons.ttf in Resources */ = {isa = PBXBuildFile; fileRef = 9F203D142C7849BD96847B17 /* SimpleLineIcons.ttf */; };
		1907BA6A287C2E5F00D43528 /* FontAwesome5_Regular.ttf in Resources */ = {isa = PBXBuildFile; fileRef = 7AC79C6FF18B4468A97AD623 /* FontAwesome5_Regular.ttf */; };
		1907BA6B287C2E5F00D43528 /* Fontisto.ttf in Resources */ = {isa = PBXBuildFile; fileRef = EB80B9D454834DF1AF22C624 /* Fontisto.ttf */; };
		1907BA6C287C2E5F00D43528 /* Zocial.ttf in Resources */ = {isa = PBXBuildFile; fileRef = FC969A2A34534D2889B1359D /* Zocial.ttf */; };
		1907BA6D287C2E5F00D43528 /* MaterialIcons.ttf in Resources */ = {isa = PBXBuildFile; fileRef = ECE47A5A51DA4C6E86DA7FF7 /* MaterialIcons.ttf */; };
		1907BA6E287C2E5F00D43528 /* Entypo.ttf in Resources */ = {isa = PBXBuildFile; fileRef = 20C1B140E92F43CDBD80C1C8 /* Entypo.ttf */; };
		1907BA6F287C2E5F00D43528 /* Octicons.ttf in Resources */ = {isa = PBXBuildFile; fileRef = C20EC1378BC44F76A3854714 /* Octicons.ttf */; };
		1907BA70287C2E5F00D43528 /* FontAwesome.ttf in Resources */ = {isa = PBXBuildFile; fileRef = 30778A83EABA45D385669784 /* FontAwesome.ttf */; };
		1907BA71287C2E5F00D43528 /* EvilIcons.ttf in Resources */ = {isa = PBXBuildFile; fileRef = 38DD0763A7FD4903B65E81BC /* EvilIcons.ttf */; };
		1907BA72287C2E5F00D43528 /* FontAwesome5_Solid.ttf in Resources */ = {isa = PBXBuildFile; fileRef = F4E8CCD36FB44FC4AB0055AF /* FontAwesome5_Solid.ttf */; };
		1907BA73287C2E5F00D43528 /* Foundation.ttf in Resources */ = {isa = PBXBuildFile; fileRef = FD8AC8868CD244AFA66FB74C /* Foundation.ttf */; };
		191D181C287705DA008EEF3F /* ZoomVideoSDK.framework in Frameworks */ = {isa = PBXBuildFile; fileRef = 191D181B287705DA008EEF3F /* ZoomVideoSDK.framework */; platformFilter = ios; };
		191D181D287705DA008EEF3F /* ZoomVideoSDK.framework in Embed Frameworks */ = {isa = PBXBuildFile; fileRef = 191D181B287705DA008EEF3F /* ZoomVideoSDK.framework */; platformFilter = ios; settings = {ATTRIBUTES = (CodeSignOnCopy, RemoveHeadersOnCopy, ); }; };
		194FBFA028589B6500E3B681 /* Roboto-Regular.ttf in Resources */ = {isa = PBXBuildFile; fileRef = 127F32DDE0F74AA9A3796C80 /* Roboto-Regular.ttf */; };
		81AB9BB82411601600AC10FF /* LaunchScreen.storyboard in Resources */ = {isa = PBXBuildFile; fileRef = 81AB9BB72411601600AC10FF /* LaunchScreen.storyboard */; };
		9E66514BD2F164BC93C34AA0 /* libPods-LMC-LMCTests.a in Frameworks */ = {isa = PBXBuildFile; fileRef = 7CABC58D700E0972CF7D93F0 /* libPods-LMC-LMCTests.a */; };
		C4582AD27FF1416316B6EB12 /* libPods-LMC.a in Frameworks */ = {isa = PBXBuildFile; fileRef = 6058F4C3DBA9F8981F035C8F /* libPods-LMC.a */; };
		FA1E5C9A28C5F29E00B24ABA /* ReplayKit.framework in Frameworks */ = {isa = PBXBuildFile; fileRef = FA1E5C9928C5F29E00B24ABA /* ReplayKit.framework */; };
		FA1E5C9E28C5F29E00B24ABA /* SampleHandler.mm in Sources */ = {isa = PBXBuildFile; fileRef = FA1E5C9D28C5F29E00B24ABA /* SampleHandler.mm */; };
		FA1E5CA528C5F29E00B24ABA /* ReplayKit.framework in Frameworks */ = {isa = PBXBuildFile; fileRef = FA1E5C9928C5F29E00B24ABA /* ReplayKit.framework */; };
		FA1E5CA728C5F29E00B24ABA /* UIKit.framework in Frameworks */ = {isa = PBXBuildFile; fileRef = FA1E5CA628C5F29E00B24ABA /* UIKit.framework */; };
		FA1E5CAB28C5F29E00B24ABA /* BroadcastSetupViewController.m in Sources */ = {isa = PBXBuildFile; fileRef = FA1E5CAA28C5F29E00B24ABA /* BroadcastSetupViewController.m */; };
		FA1E5CAF28C5F29E00B24ABA /* ScreenShareSetupUI.appex in Embed App Extensions */ = {isa = PBXBuildFile; fileRef = FA1E5CA428C5F29E00B24ABA /* ScreenShareSetupUI.appex */; settings = {ATTRIBUTES = (RemoveHeadersOnCopy, ); }; };
		FA1E5CB228C5F29E00B24ABA /* ScreenShare.appex in Embed App Extensions */ = {isa = PBXBuildFile; fileRef = FA1E5C9828C5F29E00B24ABA /* ScreenShare.appex */; settings = {ATTRIBUTES = (RemoveHeadersOnCopy, ); }; };
		FA1E5CBB28C5F71100B24ABA /* CoreGraphics.framework in Frameworks */ = {isa = PBXBuildFile; fileRef = FA1E5CBA28C5F71100B24ABA /* CoreGraphics.framework */; };
		FA1E5CBD28C5F71900B24ABA /* CoreVideo.framework in Frameworks */ = {isa = PBXBuildFile; fileRef = FA1E5CBC28C5F71900B24ABA /* CoreVideo.framework */; };
		FA1E5CBF28C5F72400B24ABA /* CoreMedia.framework in Frameworks */ = {isa = PBXBuildFile; fileRef = FA1E5CBE28C5F72400B24ABA /* CoreMedia.framework */; };
		FA1E5CC128C5F73700B24ABA /* VideoToolbox.framework in Frameworks */ = {isa = PBXBuildFile; fileRef = FA1E5CC028C5F73700B24ABA /* VideoToolbox.framework */; };
/* End PBXBuildFile section */

/* Begin PBXContainerItemProxy section */
		00E356F41AD99517003FC87E /* PBXContainerItemProxy */ = {
			isa = PBXContainerItemProxy;
			containerPortal = 83CBB9F71A601CBA00E9B192 /* Project object */;
			proxyType = 1;
			remoteGlobalIDString = 13B07F861A680F5B00A75B9A;
			remoteInfo = LMC;
		};
		FA1E5CAD28C5F29E00B24ABA /* PBXContainerItemProxy */ = {
			isa = PBXContainerItemProxy;
			containerPortal = 83CBB9F71A601CBA00E9B192 /* Project object */;
			proxyType = 1;
			remoteGlobalIDString = FA1E5CA328C5F29E00B24ABA;
			remoteInfo = ScreenShareSetupUI;
		};
		FA1E5CB028C5F29E00B24ABA /* PBXContainerItemProxy */ = {
			isa = PBXContainerItemProxy;
			containerPortal = 83CBB9F71A601CBA00E9B192 /* Project object */;
			proxyType = 1;
			remoteGlobalIDString = FA1E5C9728C5F29E00B24ABA;
			remoteInfo = ScreenShare;
		};
/* End PBXContainerItemProxy section */

/* Begin PBXCopyFilesBuildPhase section */
		191D181E287705DA008EEF3F /* Embed Frameworks */ = {
			isa = PBXCopyFilesBuildPhase;
			buildActionMask = 2147483647;
			dstPath = "";
			dstSubfolderSpec = 10;
			files = (
				191D181D287705DA008EEF3F /* ZoomVideoSDK.framework in Embed Frameworks */,
			);
			name = "Embed Frameworks";
			runOnlyForDeploymentPostprocessing = 0;
		};
		FA1E5CB928C5F29E00B24ABA /* Embed App Extensions */ = {
			isa = PBXCopyFilesBuildPhase;
			buildActionMask = 2147483647;
			dstPath = "";
			dstSubfolderSpec = 13;
			files = (
				FA1E5CB228C5F29E00B24ABA /* ScreenShare.appex in Embed App Extensions */,
				FA1E5CAF28C5F29E00B24ABA /* ScreenShareSetupUI.appex in Embed App Extensions */,
			);
			name = "Embed App Extensions";
			runOnlyForDeploymentPostprocessing = 0;
		};
/* End PBXCopyFilesBuildPhase section */

/* Begin PBXFileReference section */
		00E356EE1AD99517003FC87E /* LMCTests.xctest */ = {isa = PBXFileReference; explicitFileType = wrapper.cfbundle; includeInIndex = 0; path = LMCTests.xctest; sourceTree = BUILT_PRODUCTS_DIR; };
		00E356F11AD99517003FC87E /* Info.plist */ = {isa = PBXFileReference; lastKnownFileType = text.plist.xml; path = Info.plist; sourceTree = "<group>"; };
		00E356F21AD99517003FC87E /* LMCTests.m */ = {isa = PBXFileReference; lastKnownFileType = sourcecode.c.objc; path = LMCTests.m; sourceTree = "<group>"; };
		127F32DDE0F74AA9A3796C80 /* Roboto-Regular.ttf */ = {isa = PBXFileReference; explicitFileType = undefined; fileEncoding = 9; includeInIndex = 0; lastKnownFileType = unknown; name = "Roboto-Regular.ttf"; path = "../src/Assets/fonts/Roboto-Regular.ttf"; sourceTree = "<group>"; };
		13B07F961A680F5B00A75B9A /* LMC.app */ = {isa = PBXFileReference; explicitFileType = wrapper.application; includeInIndex = 0; path = LMC.app; sourceTree = BUILT_PRODUCTS_DIR; };
		13B07FAF1A68108700A75B9A /* AppDelegate.h */ = {isa = PBXFileReference; fileEncoding = 4; lastKnownFileType = sourcecode.c.h; name = AppDelegate.h; path = LMC/AppDelegate.h; sourceTree = "<group>"; };
		13B07FB01A68108700A75B9A /* AppDelegate.m */ = {isa = PBXFileReference; fileEncoding = 4; lastKnownFileType = sourcecode.c.objc; name = AppDelegate.m; path = LMC/AppDelegate.m; sourceTree = "<group>"; };
		13B07FB51A68108700A75B9A /* Images.xcassets */ = {isa = PBXFileReference; lastKnownFileType = folder.assetcatalog; name = Images.xcassets; path = LMC/Images.xcassets; sourceTree = "<group>"; };
		13B07FB61A68108700A75B9A /* Info.plist */ = {isa = PBXFileReference; fileEncoding = 4; lastKnownFileType = text.plist.xml; name = Info.plist; path = LMC/Info.plist; sourceTree = "<group>"; };
		13B07FB71A68108700A75B9A /* main.m */ = {isa = PBXFileReference; fileEncoding = 4; lastKnownFileType = sourcecode.c.objc; name = main.m; path = LMC/main.m; sourceTree = "<group>"; };
		191D181B287705DA008EEF3F /* ZoomVideoSDK.framework */ = {isa = PBXFileReference; lastKnownFileType = wrapper.framework; path = ZoomVideoSDK.framework; sourceTree = "<group>"; };
		20C1B140E92F43CDBD80C1C8 /* Entypo.ttf */ = {isa = PBXFileReference; explicitFileType = undefined; fileEncoding = 9; includeInIndex = 0; lastKnownFileType = unknown; name = Entypo.ttf; path = "../node_modules/react-native-vector-icons/Fonts/Entypo.ttf"; sourceTree = "<group>"; };
		30778A83EABA45D385669784 /* FontAwesome.ttf */ = {isa = PBXFileReference; explicitFileType = undefined; fileEncoding = 9; includeInIndex = 0; lastKnownFileType = unknown; name = FontAwesome.ttf; path = "../node_modules/react-native-vector-icons/Fonts/FontAwesome.ttf"; sourceTree = "<group>"; };
		330FD164B5173222FB8C6715 /* Pods-LMC.release.xcconfig */ = {isa = PBXFileReference; includeInIndex = 1; lastKnownFileType = text.xcconfig; name = "Pods-LMC.release.xcconfig"; path = "Target Support Files/Pods-LMC/Pods-LMC.release.xcconfig"; sourceTree = "<group>"; };
		3678142CB3024641BAFADD66 /* AntDesign.ttf */ = {isa = PBXFileReference; explicitFileType = undefined; fileEncoding = 9; includeInIndex = 0; lastKnownFileType = unknown; name = AntDesign.ttf; path = "../node_modules/react-native-vector-icons/Fonts/AntDesign.ttf"; sourceTree = "<group>"; };
		38DD0763A7FD4903B65E81BC /* EvilIcons.ttf */ = {isa = PBXFileReference; explicitFileType = undefined; fileEncoding = 9; includeInIndex = 0; lastKnownFileType = unknown; name = EvilIcons.ttf; path = "../node_modules/react-native-vector-icons/Fonts/EvilIcons.ttf"; sourceTree = "<group>"; };
		39DE9A9692804D619F88E758 /* FontAwesome5_Brands.ttf */ = {isa = PBXFileReference; explicitFileType = undefined; fileEncoding = 9; includeInIndex = 0; lastKnownFileType = unknown; name = FontAwesome5_Brands.ttf; path = "../node_modules/react-native-vector-icons/Fonts/FontAwesome5_Brands.ttf"; sourceTree = "<group>"; };
		6058F4C3DBA9F8981F035C8F /* libPods-LMC.a */ = {isa = PBXFileReference; explicitFileType = archive.ar; includeInIndex = 0; path = "libPods-LMC.a"; sourceTree = BUILT_PRODUCTS_DIR; };
		78253448B9895A0324BAE1F0 /* Pods-LMC-LMCTests.debug.xcconfig */ = {isa = PBXFileReference; includeInIndex = 1; lastKnownFileType = text.xcconfig; name = "Pods-LMC-LMCTests.debug.xcconfig"; path = "Target Support Files/Pods-LMC-LMCTests/Pods-LMC-LMCTests.debug.xcconfig"; sourceTree = "<group>"; };
		7AC79C6FF18B4468A97AD623 /* FontAwesome5_Regular.ttf */ = {isa = PBXFileReference; explicitFileType = undefined; fileEncoding = 9; includeInIndex = 0; lastKnownFileType = unknown; name = FontAwesome5_Regular.ttf; path = "../node_modules/react-native-vector-icons/Fonts/FontAwesome5_Regular.ttf"; sourceTree = "<group>"; };
		7CABC58D700E0972CF7D93F0 /* libPods-LMC-LMCTests.a */ = {isa = PBXFileReference; explicitFileType = archive.ar; includeInIndex = 0; path = "libPods-LMC-LMCTests.a"; sourceTree = BUILT_PRODUCTS_DIR; };
		81AB9BB72411601600AC10FF /* LaunchScreen.storyboard */ = {isa = PBXFileReference; fileEncoding = 4; lastKnownFileType = file.storyboard; name = LaunchScreen.storyboard; path = LMC/LaunchScreen.storyboard; sourceTree = "<group>"; };
		9382CDEEE1D142E6BCCE3310 /* Ionicons.ttf */ = {isa = PBXFileReference; explicitFileType = undefined; fileEncoding = 9; includeInIndex = 0; lastKnownFileType = unknown; name = Ionicons.ttf; path = "../node_modules/react-native-vector-icons/Fonts/Ionicons.ttf"; sourceTree = "<group>"; };
		9F203D142C7849BD96847B17 /* SimpleLineIcons.ttf */ = {isa = PBXFileReference; explicitFileType = undefined; fileEncoding = 9; includeInIndex = 0; lastKnownFileType = unknown; name = SimpleLineIcons.ttf; path = "../node_modules/react-native-vector-icons/Fonts/SimpleLineIcons.ttf"; sourceTree = "<group>"; };
		AC22715FBBDAC509B3E2E16B /* Pods-LMC-LMCTests.release.xcconfig */ = {isa = PBXFileReference; includeInIndex = 1; lastKnownFileType = text.xcconfig; name = "Pods-LMC-LMCTests.release.xcconfig"; path = "Target Support Files/Pods-LMC-LMCTests/Pods-LMC-LMCTests.release.xcconfig"; sourceTree = "<group>"; };
		B39C9BEF82D644FAB4FB700B /* Feather.ttf */ = {isa = PBXFileReference; explicitFileType = undefined; fileEncoding = 9; includeInIndex = 0; lastKnownFileType = unknown; name = Feather.ttf; path = "../node_modules/react-native-vector-icons/Fonts/Feather.ttf"; sourceTree = "<group>"; };
		C20EC1378BC44F76A3854714 /* Octicons.ttf */ = {isa = PBXFileReference; explicitFileType = undefined; fileEncoding = 9; includeInIndex = 0; lastKnownFileType = unknown; name = Octicons.ttf; path = "../node_modules/react-native-vector-icons/Fonts/Octicons.ttf"; sourceTree = "<group>"; };
		EB80B9D454834DF1AF22C624 /* Fontisto.ttf */ = {isa = PBXFileReference; explicitFileType = undefined; fileEncoding = 9; includeInIndex = 0; lastKnownFileType = unknown; name = Fontisto.ttf; path = "../node_modules/react-native-vector-icons/Fonts/Fontisto.ttf"; sourceTree = "<group>"; };
		ECE47A5A51DA4C6E86DA7FF7 /* MaterialIcons.ttf */ = {isa = PBXFileReference; explicitFileType = undefined; fileEncoding = 9; includeInIndex = 0; lastKnownFileType = unknown; name = MaterialIcons.ttf; path = "../node_modules/react-native-vector-icons/Fonts/MaterialIcons.ttf"; sourceTree = "<group>"; };
		ED297162215061F000B7C4FE /* JavaScriptCore.framework */ = {isa = PBXFileReference; lastKnownFileType = wrapper.framework; name = JavaScriptCore.framework; path = System/Library/Frameworks/JavaScriptCore.framework; sourceTree = SDKROOT; };
		F4E8CCD36FB44FC4AB0055AF /* FontAwesome5_Solid.ttf */ = {isa = PBXFileReference; explicitFileType = undefined; fileEncoding = 9; includeInIndex = 0; lastKnownFileType = unknown; name = FontAwesome5_Solid.ttf; path = "../node_modules/react-native-vector-icons/Fonts/FontAwesome5_Solid.ttf"; sourceTree = "<group>"; };
		F9ABE0E05BBF4732AC9F321F /* MaterialCommunityIcons.ttf */ = {isa = PBXFileReference; explicitFileType = undefined; fileEncoding = 9; includeInIndex = 0; lastKnownFileType = unknown; name = MaterialCommunityIcons.ttf; path = "../node_modules/react-native-vector-icons/Fonts/MaterialCommunityIcons.ttf"; sourceTree = "<group>"; };
		FA1E5C9828C5F29E00B24ABA /* ScreenShare.appex */ = {isa = PBXFileReference; explicitFileType = "wrapper.app-extension"; includeInIndex = 0; path = ScreenShare.appex; sourceTree = BUILT_PRODUCTS_DIR; };
		FA1E5C9928C5F29E00B24ABA /* ReplayKit.framework */ = {isa = PBXFileReference; lastKnownFileType = wrapper.framework; name = ReplayKit.framework; path = System/Library/Frameworks/ReplayKit.framework; sourceTree = SDKROOT; };
		FA1E5C9C28C5F29E00B24ABA /* SampleHandler.h */ = {isa = PBXFileReference; lastKnownFileType = sourcecode.c.h; path = SampleHandler.h; sourceTree = "<group>"; };
		FA1E5C9D28C5F29E00B24ABA /* SampleHandler.mm */ = {isa = PBXFileReference; lastKnownFileType = sourcecode.cpp.objcpp; path = SampleHandler.mm; sourceTree = "<group>"; };
		FA1E5C9F28C5F29E00B24ABA /* Info.plist */ = {isa = PBXFileReference; lastKnownFileType = text.plist.xml; path = Info.plist; sourceTree = "<group>"; };
		FA1E5CA428C5F29E00B24ABA /* ScreenShareSetupUI.appex */ = {isa = PBXFileReference; explicitFileType = "wrapper.app-extension"; includeInIndex = 0; path = ScreenShareSetupUI.appex; sourceTree = BUILT_PRODUCTS_DIR; };
		FA1E5CA628C5F29E00B24ABA /* UIKit.framework */ = {isa = PBXFileReference; lastKnownFileType = wrapper.framework; name = UIKit.framework; path = System/Library/Frameworks/UIKit.framework; sourceTree = SDKROOT; };
		FA1E5CA928C5F29E00B24ABA /* BroadcastSetupViewController.h */ = {isa = PBXFileReference; lastKnownFileType = sourcecode.c.h; path = BroadcastSetupViewController.h; sourceTree = "<group>"; };
		FA1E5CAA28C5F29E00B24ABA /* BroadcastSetupViewController.m */ = {isa = PBXFileReference; lastKnownFileType = sourcecode.c.objc; path = BroadcastSetupViewController.m; sourceTree = "<group>"; };
		FA1E5CAC28C5F29E00B24ABA /* Info.plist */ = {isa = PBXFileReference; lastKnownFileType = text.plist.xml; path = Info.plist; sourceTree = "<group>"; };
		FA1E5CBA28C5F71100B24ABA /* CoreGraphics.framework */ = {isa = PBXFileReference; lastKnownFileType = wrapper.framework; name = CoreGraphics.framework; path = System/Library/Frameworks/CoreGraphics.framework; sourceTree = SDKROOT; };
		FA1E5CBC28C5F71900B24ABA /* CoreVideo.framework */ = {isa = PBXFileReference; lastKnownFileType = wrapper.framework; name = CoreVideo.framework; path = System/Library/Frameworks/CoreVideo.framework; sourceTree = SDKROOT; };
		FA1E5CBE28C5F72400B24ABA /* CoreMedia.framework */ = {isa = PBXFileReference; lastKnownFileType = wrapper.framework; name = CoreMedia.framework; path = System/Library/Frameworks/CoreMedia.framework; sourceTree = SDKROOT; };
		FA1E5CC028C5F73700B24ABA /* VideoToolbox.framework */ = {isa = PBXFileReference; lastKnownFileType = wrapper.framework; name = VideoToolbox.framework; path = System/Library/Frameworks/VideoToolbox.framework; sourceTree = SDKROOT; };
		FA1E5CC228C71D0100B24ABA /* SampleHandler.h */ = {isa = PBXFileReference; lastKnownFileType = sourcecode.c.h; path = SampleHandler.h; sourceTree = "<group>"; };
		FC969A2A34534D2889B1359D /* Zocial.ttf */ = {isa = PBXFileReference; explicitFileType = undefined; fileEncoding = 9; includeInIndex = 0; lastKnownFileType = unknown; name = Zocial.ttf; path = "../node_modules/react-native-vector-icons/Fonts/Zocial.ttf"; sourceTree = "<group>"; };
		FD8AC8868CD244AFA66FB74C /* Foundation.ttf */ = {isa = PBXFileReference; explicitFileType = undefined; fileEncoding = 9; includeInIndex = 0; lastKnownFileType = unknown; name = Foundation.ttf; path = "../node_modules/react-native-vector-icons/Fonts/Foundation.ttf"; sourceTree = "<group>"; };
		FE001B813B51514B9E8A004D /* Pods-LMC.debug.xcconfig */ = {isa = PBXFileReference; includeInIndex = 1; lastKnownFileType = text.xcconfig; name = "Pods-LMC.debug.xcconfig"; path = "Target Support Files/Pods-LMC/Pods-LMC.debug.xcconfig"; sourceTree = "<group>"; };
/* End PBXFileReference section */

/* Begin PBXFrameworksBuildPhase section */
		00E356EB1AD99517003FC87E /* Frameworks */ = {
			isa = PBXFrameworksBuildPhase;
			buildActionMask = 2147483647;
			files = (
				9E66514BD2F164BC93C34AA0 /* libPods-LMC-LMCTests.a in Frameworks */,
			);
			runOnlyForDeploymentPostprocessing = 0;
		};
		13B07F8C1A680F5B00A75B9A /* Frameworks */ = {
			isa = PBXFrameworksBuildPhase;
			buildActionMask = 2147483647;
			files = (
				191D181C287705DA008EEF3F /* ZoomVideoSDK.framework in Frameworks */,
				C4582AD27FF1416316B6EB12 /* libPods-LMC.a in Frameworks */,
			);
			runOnlyForDeploymentPostprocessing = 0;
		};
		FA1E5C9528C5F29E00B24ABA /* Frameworks */ = {
			isa = PBXFrameworksBuildPhase;
			buildActionMask = 2147483647;
			files = (
				FA1E5CBF28C5F72400B24ABA /* CoreMedia.framework in Frameworks */,
				FA1E5CBB28C5F71100B24ABA /* CoreGraphics.framework in Frameworks */,
				FA1E5CC128C5F73700B24ABA /* VideoToolbox.framework in Frameworks */,
				FA1E5C9A28C5F29E00B24ABA /* ReplayKit.framework in Frameworks */,
				FA1E5CBD28C5F71900B24ABA /* CoreVideo.framework in Frameworks */,
			);
			runOnlyForDeploymentPostprocessing = 0;
		};
		FA1E5CA128C5F29E00B24ABA /* Frameworks */ = {
			isa = PBXFrameworksBuildPhase;
			buildActionMask = 2147483647;
			files = (
				FA1E5CA528C5F29E00B24ABA /* ReplayKit.framework in Frameworks */,
				FA1E5CA728C5F29E00B24ABA /* UIKit.framework in Frameworks */,
			);
			runOnlyForDeploymentPostprocessing = 0;
		};
/* End PBXFrameworksBuildPhase section */

/* Begin PBXGroup section */
		00E356EF1AD99517003FC87E /* LMCTests */ = {
			isa = PBXGroup;
			children = (
				00E356F21AD99517003FC87E /* LMCTests.m */,
				00E356F01AD99517003FC87E /* Supporting Files */,
			);
			path = LMCTests;
			sourceTree = "<group>";
		};
		00E356F01AD99517003FC87E /* Supporting Files */ = {
			isa = PBXGroup;
			children = (
				00E356F11AD99517003FC87E /* Info.plist */,
			);
			name = "Supporting Files";
			sourceTree = "<group>";
		};
		13B07FAE1A68108700A75B9A /* LMC */ = {
			isa = PBXGroup;
			children = (
				13B07FAF1A68108700A75B9A /* AppDelegate.h */,
				13B07FB01A68108700A75B9A /* AppDelegate.m */,
				13B07FB51A68108700A75B9A /* Images.xcassets */,
				13B07FB61A68108700A75B9A /* Info.plist */,
				81AB9BB72411601600AC10FF /* LaunchScreen.storyboard */,
				13B07FB71A68108700A75B9A /* main.m */,
			);
			name = LMC;
			sourceTree = "<group>";
		};
		1685E3C4278446F382D3FA9C /* Resources */ = {
			isa = PBXGroup;
			children = (
				3678142CB3024641BAFADD66 /* AntDesign.ttf */,
				20C1B140E92F43CDBD80C1C8 /* Entypo.ttf */,
				38DD0763A7FD4903B65E81BC /* EvilIcons.ttf */,
				B39C9BEF82D644FAB4FB700B /* Feather.ttf */,
				30778A83EABA45D385669784 /* FontAwesome.ttf */,
				39DE9A9692804D619F88E758 /* FontAwesome5_Brands.ttf */,
				7AC79C6FF18B4468A97AD623 /* FontAwesome5_Regular.ttf */,
				F4E8CCD36FB44FC4AB0055AF /* FontAwesome5_Solid.ttf */,
				EB80B9D454834DF1AF22C624 /* Fontisto.ttf */,
				FD8AC8868CD244AFA66FB74C /* Foundation.ttf */,
				9382CDEEE1D142E6BCCE3310 /* Ionicons.ttf */,
				F9ABE0E05BBF4732AC9F321F /* MaterialCommunityIcons.ttf */,
				ECE47A5A51DA4C6E86DA7FF7 /* MaterialIcons.ttf */,
				C20EC1378BC44F76A3854714 /* Octicons.ttf */,
				9F203D142C7849BD96847B17 /* SimpleLineIcons.ttf */,
				FC969A2A34534D2889B1359D /* Zocial.ttf */,
				127F32DDE0F74AA9A3796C80 /* Roboto-Regular.ttf */,
			);
			name = Resources;
			sourceTree = "<group>";
		};
		2D16E6871FA4F8E400B85C8A /* Frameworks */ = {
			isa = PBXGroup;
			children = (
				FA1E5CC028C5F73700B24ABA /* VideoToolbox.framework */,
				FA1E5CBE28C5F72400B24ABA /* CoreMedia.framework */,
				FA1E5CBC28C5F71900B24ABA /* CoreVideo.framework */,
				FA1E5CBA28C5F71100B24ABA /* CoreGraphics.framework */,
				191D181B287705DA008EEF3F /* ZoomVideoSDK.framework */,
				ED297162215061F000B7C4FE /* JavaScriptCore.framework */,
				6058F4C3DBA9F8981F035C8F /* libPods-LMC.a */,
				7CABC58D700E0972CF7D93F0 /* libPods-LMC-LMCTests.a */,
				FA1E5C9928C5F29E00B24ABA /* ReplayKit.framework */,
				FA1E5CA628C5F29E00B24ABA /* UIKit.framework */,
			);
			name = Frameworks;
			sourceTree = "<group>";
		};
		542047057C9E7C5293E7B4BF /* Pods */ = {
			isa = PBXGroup;
			children = (
				FE001B813B51514B9E8A004D /* Pods-LMC.debug.xcconfig */,
				330FD164B5173222FB8C6715 /* Pods-LMC.release.xcconfig */,
				78253448B9895A0324BAE1F0 /* Pods-LMC-LMCTests.debug.xcconfig */,
				AC22715FBBDAC509B3E2E16B /* Pods-LMC-LMCTests.release.xcconfig */,
			);
			path = Pods;
			sourceTree = "<group>";
		};
		832341AE1AAA6A7D00B99B32 /* Libraries */ = {
			isa = PBXGroup;
			children = (
			);
			name = Libraries;
			sourceTree = "<group>";
		};
		83CBB9F61A601CBA00E9B192 = {
			isa = PBXGroup;
			children = (
				13B07FAE1A68108700A75B9A /* LMC */,
				832341AE1AAA6A7D00B99B32 /* Libraries */,
				00E356EF1AD99517003FC87E /* LMCTests */,
				FA1E5C9B28C5F29E00B24ABA /* ScreenShare */,
				FA1E5CA828C5F29E00B24ABA /* ScreenShareSetupUI */,
				83CBBA001A601CBA00E9B192 /* Products */,
				2D16E6871FA4F8E400B85C8A /* Frameworks */,
				1685E3C4278446F382D3FA9C /* Resources */,
				542047057C9E7C5293E7B4BF /* Pods */,
			);
			indentWidth = 2;
			sourceTree = "<group>";
			tabWidth = 2;
			usesTabs = 0;
		};
		83CBBA001A601CBA00E9B192 /* Products */ = {
			isa = PBXGroup;
			children = (
				13B07F961A680F5B00A75B9A /* LMC.app */,
				00E356EE1AD99517003FC87E /* LMCTests.xctest */,
				FA1E5C9828C5F29E00B24ABA /* ScreenShare.appex */,
				FA1E5CA428C5F29E00B24ABA /* ScreenShareSetupUI.appex */,
			);
			name = Products;
			sourceTree = "<group>";
		};
		FA1E5C9B28C5F29E00B24ABA /* ScreenShare */ = {
			isa = PBXGroup;
			children = (
				FA1E5C9C28C5F29E00B24ABA /* SampleHandler.h */,
				FA1E5C9D28C5F29E00B24ABA /* SampleHandler.mm */,
				FA1E5C9F28C5F29E00B24ABA /* Info.plist */,
				FA1E5CC228C71D0100B24ABA /* SampleHandler.h */,
			);
			path = ScreenShare;
			sourceTree = "<group>";
		};
		FA1E5CA828C5F29E00B24ABA /* ScreenShareSetupUI */ = {
			isa = PBXGroup;
			children = (
				FA1E5CA928C5F29E00B24ABA /* BroadcastSetupViewController.h */,
				FA1E5CAA28C5F29E00B24ABA /* BroadcastSetupViewController.m */,
				FA1E5CAC28C5F29E00B24ABA /* Info.plist */,
			);
			path = ScreenShareSetupUI;
			sourceTree = "<group>";
		};
/* End PBXGroup section */

/* Begin PBXNativeTarget section */
		00E356ED1AD99517003FC87E /* LMCTests */ = {
			isa = PBXNativeTarget;
			buildConfigurationList = 00E357021AD99517003FC87E /* Build configuration list for PBXNativeTarget "LMCTests" */;
			buildPhases = (
				2C75E8BC2071DBEB21CEEFE5 /* [CP] Check Pods Manifest.lock */,
				00E356EA1AD99517003FC87E /* Sources */,
				00E356EB1AD99517003FC87E /* Frameworks */,
				00E356EC1AD99517003FC87E /* Resources */,
				A495306E5AC1157E7BD1E0D4 /* [CP] Copy Pods Resources */,
				2AB3593BE85BAEAE4275BDE8 /* [CP] Embed Pods Frameworks */,
			);
			buildRules = (
			);
			dependencies = (
				00E356F51AD99517003FC87E /* PBXTargetDependency */,
			);
			name = LMCTests;
			productName = LMCTests;
			productReference = 00E356EE1AD99517003FC87E /* LMCTests.xctest */;
			productType = "com.apple.product-type.bundle.unit-test";
		};
		13B07F861A680F5B00A75B9A /* LMC */ = {
			isa = PBXNativeTarget;
			buildConfigurationList = 13B07F931A680F5B00A75B9A /* Build configuration list for PBXNativeTarget "LMC" */;
			buildPhases = (
				822C1A673E5AB589D9EAEB95 /* [CP] Check Pods Manifest.lock */,
				FD10A7F022414F080027D42C /* Start Packager */,
				13B07F871A680F5B00A75B9A /* Sources */,
				13B07F8C1A680F5B00A75B9A /* Frameworks */,
				13B07F8E1A680F5B00A75B9A /* Resources */,
				00DD1BFF1BD5951E006B06BC /* Bundle React Native code and images */,
				9FFCBB655538CA16CF049229 /* [CP] Copy Pods Resources */,
				191D181E287705DA008EEF3F /* Embed Frameworks */,
				C8EDE07FD44CEFDAD698317A /* [CP] Embed Pods Frameworks */,
				FA1E5CB928C5F29E00B24ABA /* Embed App Extensions */,
			);
			buildRules = (
			);
			dependencies = (
				FA1E5CAE28C5F29E00B24ABA /* PBXTargetDependency */,
				FA1E5CB128C5F29E00B24ABA /* PBXTargetDependency */,
			);
			name = LMC;
			productName = LMC;
			productReference = 13B07F961A680F5B00A75B9A /* LMC.app */;
			productType = "com.apple.product-type.application";
		};
		FA1E5C9728C5F29E00B24ABA /* ScreenShare */ = {
			isa = PBXNativeTarget;
			buildConfigurationList = FA1E5CB628C5F29E00B24ABA /* Build configuration list for PBXNativeTarget "ScreenShare" */;
			buildPhases = (
				FA1E5C9428C5F29E00B24ABA /* Sources */,
				FA1E5C9528C5F29E00B24ABA /* Frameworks */,
				FA1E5C9628C5F29E00B24ABA /* Resources */,
			);
			buildRules = (
			);
			dependencies = (
			);
			name = ScreenShare;
			productName = ScreenShare;
			productReference = FA1E5C9828C5F29E00B24ABA /* ScreenShare.appex */;
			productType = "com.apple.product-type.app-extension";
		};
		FA1E5CA328C5F29E00B24ABA /* ScreenShareSetupUI */ = {
			isa = PBXNativeTarget;
			buildConfigurationList = FA1E5CB328C5F29E00B24ABA /* Build configuration list for PBXNativeTarget "ScreenShareSetupUI" */;
			buildPhases = (
				FA1E5CA028C5F29E00B24ABA /* Sources */,
				FA1E5CA128C5F29E00B24ABA /* Frameworks */,
				FA1E5CA228C5F29E00B24ABA /* Resources */,
			);
			buildRules = (
			);
			dependencies = (
			);
			name = ScreenShareSetupUI;
			productName = ScreenShareSetupUI;
			productReference = FA1E5CA428C5F29E00B24ABA /* ScreenShareSetupUI.appex */;
			productType = "com.apple.product-type.app-extension";
		};
/* End PBXNativeTarget section */

/* Begin PBXProject section */
		83CBB9F71A601CBA00E9B192 /* Project object */ = {
			isa = PBXProject;
			attributes = {
				LastUpgradeCheck = 1210;
				TargetAttributes = {
					00E356ED1AD99517003FC87E = {
						CreatedOnToolsVersion = 6.2;
						TestTargetID = 13B07F861A680F5B00A75B9A;
					};
					13B07F861A680F5B00A75B9A = {
						LastSwiftMigration = 1120;
					};
					FA1E5C9728C5F29E00B24ABA = {
						CreatedOnToolsVersion = 13.4.1;
					};
					FA1E5CA328C5F29E00B24ABA = {
						CreatedOnToolsVersion = 13.4.1;
					};
				};
			};
			buildConfigurationList = 83CBB9FA1A601CBA00E9B192 /* Build configuration list for PBXProject "LMC" */;
			compatibilityVersion = "Xcode 13.0";
			developmentRegion = en;
			hasScannedForEncodings = 0;
			knownRegions = (
				en,
				Base,
			);
			mainGroup = 83CBB9F61A601CBA00E9B192;
			productRefGroup = 83CBBA001A601CBA00E9B192 /* Products */;
			projectDirPath = "";
			projectRoot = "";
			targets = (
				13B07F861A680F5B00A75B9A /* LMC */,
				00E356ED1AD99517003FC87E /* LMCTests */,
				FA1E5C9728C5F29E00B24ABA /* ScreenShare */,
				FA1E5CA328C5F29E00B24ABA /* ScreenShareSetupUI */,
			);
		};
/* End PBXProject section */

/* Begin PBXResourcesBuildPhase section */
		00E356EC1AD99517003FC87E /* Resources */ = {
			isa = PBXResourcesBuildPhase;
			buildActionMask = 2147483647;
			files = (
			);
			runOnlyForDeploymentPostprocessing = 0;
		};
		13B07F8E1A680F5B00A75B9A /* Resources */ = {
			isa = PBXResourcesBuildPhase;
			buildActionMask = 2147483647;
			files = (
				1907BA65287C2E5F00D43528 /* Ionicons.ttf in Resources */,
				1907BA6E287C2E5F00D43528 /* Entypo.ttf in Resources */,
				1907BA68287C2E5F00D43528 /* FontAwesome5_Brands.ttf in Resources */,
				1907BA70287C2E5F00D43528 /* FontAwesome.ttf in Resources */,
				1907BA6A287C2E5F00D43528 /* FontAwesome5_Regular.ttf in Resources */,
				1907BA67287C2E5F00D43528 /* Feather.ttf in Resources */,
				1907BA6D287C2E5F00D43528 /* MaterialIcons.ttf in Resources */,
				1907BA6C287C2E5F00D43528 /* Zocial.ttf in Resources */,
				194FBFA028589B6500E3B681 /* Roboto-Regular.ttf in Resources */,
				1907BA73287C2E5F00D43528 /* Foundation.ttf in Resources */,
				81AB9BB82411601600AC10FF /* LaunchScreen.storyboard in Resources */,
				1907BA6B287C2E5F00D43528 /* Fontisto.ttf in Resources */,
				1907BA71287C2E5F00D43528 /* EvilIcons.ttf in Resources */,
				1907BA6F287C2E5F00D43528 /* Octicons.ttf in Resources */,
				1907BA69287C2E5F00D43528 /* SimpleLineIcons.ttf in Resources */,
				1907BA64287C2E5F00D43528 /* AntDesign.ttf in Resources */,
				1907BA72287C2E5F00D43528 /* FontAwesome5_Solid.ttf in Resources */,
				1907BA66287C2E5F00D43528 /* MaterialCommunityIcons.ttf in Resources */,
				13B07FBF1A68108700A75B9A /* Images.xcassets in Resources */,
			);
			runOnlyForDeploymentPostprocessing = 0;
		};
		FA1E5C9628C5F29E00B24ABA /* Resources */ = {
			isa = PBXResourcesBuildPhase;
			buildActionMask = 2147483647;
			files = (
			);
			runOnlyForDeploymentPostprocessing = 0;
		};
		FA1E5CA228C5F29E00B24ABA /* Resources */ = {
			isa = PBXResourcesBuildPhase;
			buildActionMask = 2147483647;
			files = (
			);
			runOnlyForDeploymentPostprocessing = 0;
		};
/* End PBXResourcesBuildPhase section */

/* Begin PBXShellScriptBuildPhase section */
		00DD1BFF1BD5951E006B06BC /* Bundle React Native code and images */ = {
			isa = PBXShellScriptBuildPhase;
			buildActionMask = 2147483647;
			files = (
			);
			inputPaths = (
			);
			name = "Bundle React Native code and images";
			outputPaths = (
			);
			runOnlyForDeploymentPostprocessing = 0;
			shellPath = /bin/sh;
			shellScript = "set -e\n\nexport NODE_BINARY=node\n../node_modules/react-native/scripts/react-native-xcode.sh\n";
		};
		2AB3593BE85BAEAE4275BDE8 /* [CP] Embed Pods Frameworks */ = {
			isa = PBXShellScriptBuildPhase;
			buildActionMask = 2147483647;
			files = (
			);
			inputFileListPaths = (
				"${PODS_ROOT}/Target Support Files/Pods-LMC-LMCTests/Pods-LMC-LMCTests-frameworks-${CONFIGURATION}-input-files.xcfilelist",
			);
			name = "[CP] Embed Pods Frameworks";
			outputFileListPaths = (
				"${PODS_ROOT}/Target Support Files/Pods-LMC-LMCTests/Pods-LMC-LMCTests-frameworks-${CONFIGURATION}-output-files.xcfilelist",
			);
			runOnlyForDeploymentPostprocessing = 0;
			shellPath = /bin/sh;
			shellScript = "\"${PODS_ROOT}/Target Support Files/Pods-LMC-LMCTests/Pods-LMC-LMCTests-frameworks.sh\"\n";
			showEnvVarsInLog = 0;
		};
		2C75E8BC2071DBEB21CEEFE5 /* [CP] Check Pods Manifest.lock */ = {
			isa = PBXShellScriptBuildPhase;
			buildActionMask = 2147483647;
			files = (
			);
			inputFileListPaths = (
			);
			inputPaths = (
				"${PODS_PODFILE_DIR_PATH}/Podfile.lock",
				"${PODS_ROOT}/Manifest.lock",
			);
			name = "[CP] Check Pods Manifest.lock";
			outputFileListPaths = (
			);
			outputPaths = (
				"$(DERIVED_FILE_DIR)/Pods-LMC-LMCTests-checkManifestLockResult.txt",
			);
			runOnlyForDeploymentPostprocessing = 0;
			shellPath = /bin/sh;
			shellScript = "diff \"${PODS_PODFILE_DIR_PATH}/Podfile.lock\" \"${PODS_ROOT}/Manifest.lock\" > /dev/null\nif [ $? != 0 ] ; then\n    # print error to STDERR\n    echo \"error: The sandbox is not in sync with the Podfile.lock. Run 'pod install' or update your CocoaPods installation.\" >&2\n    exit 1\nfi\n# This output is used by Xcode 'outputs' to avoid re-running this script phase.\necho \"SUCCESS\" > \"${SCRIPT_OUTPUT_FILE_0}\"\n";
			showEnvVarsInLog = 0;
		};
		822C1A673E5AB589D9EAEB95 /* [CP] Check Pods Manifest.lock */ = {
			isa = PBXShellScriptBuildPhase;
			buildActionMask = 2147483647;
			files = (
			);
			inputFileListPaths = (
			);
			inputPaths = (
				"${PODS_PODFILE_DIR_PATH}/Podfile.lock",
				"${PODS_ROOT}/Manifest.lock",
			);
			name = "[CP] Check Pods Manifest.lock";
			outputFileListPaths = (
			);
			outputPaths = (
				"$(DERIVED_FILE_DIR)/Pods-LMC-checkManifestLockResult.txt",
			);
			runOnlyForDeploymentPostprocessing = 0;
			shellPath = /bin/sh;
			shellScript = "diff \"${PODS_PODFILE_DIR_PATH}/Podfile.lock\" \"${PODS_ROOT}/Manifest.lock\" > /dev/null\nif [ $? != 0 ] ; then\n    # print error to STDERR\n    echo \"error: The sandbox is not in sync with the Podfile.lock. Run 'pod install' or update your CocoaPods installation.\" >&2\n    exit 1\nfi\n# This output is used by Xcode 'outputs' to avoid re-running this script phase.\necho \"SUCCESS\" > \"${SCRIPT_OUTPUT_FILE_0}\"\n";
			showEnvVarsInLog = 0;
		};
		9FFCBB655538CA16CF049229 /* [CP] Copy Pods Resources */ = {
			isa = PBXShellScriptBuildPhase;
			buildActionMask = 2147483647;
			files = (
			);
			inputFileListPaths = (
				"${PODS_ROOT}/Target Support Files/Pods-LMC/Pods-LMC-resources-${CONFIGURATION}-input-files.xcfilelist",
			);
			name = "[CP] Copy Pods Resources";
			outputFileListPaths = (
				"${PODS_ROOT}/Target Support Files/Pods-LMC/Pods-LMC-resources-${CONFIGURATION}-output-files.xcfilelist",
			);
			runOnlyForDeploymentPostprocessing = 0;
			shellPath = /bin/sh;
			shellScript = "\"${PODS_ROOT}/Target Support Files/Pods-LMC/Pods-LMC-resources.sh\"\n";
			showEnvVarsInLog = 0;
		};
		A495306E5AC1157E7BD1E0D4 /* [CP] Copy Pods Resources */ = {
			isa = PBXShellScriptBuildPhase;
			buildActionMask = 2147483647;
			files = (
			);
			inputFileListPaths = (
				"${PODS_ROOT}/Target Support Files/Pods-LMC-LMCTests/Pods-LMC-LMCTests-resources-${CONFIGURATION}-input-files.xcfilelist",
			);
			name = "[CP] Copy Pods Resources";
			outputFileListPaths = (
				"${PODS_ROOT}/Target Support Files/Pods-LMC-LMCTests/Pods-LMC-LMCTests-resources-${CONFIGURATION}-output-files.xcfilelist",
			);
			runOnlyForDeploymentPostprocessing = 0;
			shellPath = /bin/sh;
			shellScript = "\"${PODS_ROOT}/Target Support Files/Pods-LMC-LMCTests/Pods-LMC-LMCTests-resources.sh\"\n";
			showEnvVarsInLog = 0;
		};
		C8EDE07FD44CEFDAD698317A /* [CP] Embed Pods Frameworks */ = {
			isa = PBXShellScriptBuildPhase;
			buildActionMask = 2147483647;
			files = (
			);
			inputFileListPaths = (
				"${PODS_ROOT}/Target Support Files/Pods-LMC/Pods-LMC-frameworks-${CONFIGURATION}-input-files.xcfilelist",
			);
			name = "[CP] Embed Pods Frameworks";
			outputFileListPaths = (
				"${PODS_ROOT}/Target Support Files/Pods-LMC/Pods-LMC-frameworks-${CONFIGURATION}-output-files.xcfilelist",
			);
			runOnlyForDeploymentPostprocessing = 0;
			shellPath = /bin/sh;
			shellScript = "\"${PODS_ROOT}/Target Support Files/Pods-LMC/Pods-LMC-frameworks.sh\"\n";
			showEnvVarsInLog = 0;
		};
		FD10A7F022414F080027D42C /* Start Packager */ = {
			isa = PBXShellScriptBuildPhase;
			buildActionMask = 2147483647;
			files = (
			);
			inputFileListPaths = (
			);
			inputPaths = (
			);
			name = "Start Packager";
			outputFileListPaths = (
			);
			outputPaths = (
			);
			runOnlyForDeploymentPostprocessing = 0;
			shellPath = /bin/sh;
			shellScript = "export RCT_METRO_PORT=\"${RCT_METRO_PORT:=8081}\"\necho \"export RCT_METRO_PORT=${RCT_METRO_PORT}\" > \"${SRCROOT}/../node_modules/react-native/scripts/.packager.env\"\nif [ -z \"${RCT_NO_LAUNCH_PACKAGER+xxx}\" ] ; then\n  if nc -w 5 -z localhost ${RCT_METRO_PORT} ; then\n    if ! curl -s \"http://localhost:${RCT_METRO_PORT}/status\" | grep -q \"packager-status:running\" ; then\n      echo \"Port ${RCT_METRO_PORT} already in use, packager is either not running or not running correctly\"\n      exit 2\n    fi\n  else\n    open \"$SRCROOT/../node_modules/react-native/scripts/launchPackager.command\" || echo \"Can't start packager automatically\"\n  fi\nfi\n";
			showEnvVarsInLog = 0;
		};
/* End PBXShellScriptBuildPhase section */

/* Begin PBXSourcesBuildPhase section */
		00E356EA1AD99517003FC87E /* Sources */ = {
			isa = PBXSourcesBuildPhase;
			buildActionMask = 2147483647;
			files = (
				00E356F31AD99517003FC87E /* LMCTests.m in Sources */,
			);
			runOnlyForDeploymentPostprocessing = 0;
		};
		13B07F871A680F5B00A75B9A /* Sources */ = {
			isa = PBXSourcesBuildPhase;
			buildActionMask = 2147483647;
			files = (
				13B07FBC1A68108700A75B9A /* AppDelegate.m in Sources */,
				13B07FC11A68108700A75B9A /* main.m in Sources */,
			);
			runOnlyForDeploymentPostprocessing = 0;
		};
		FA1E5C9428C5F29E00B24ABA /* Sources */ = {
			isa = PBXSourcesBuildPhase;
			buildActionMask = 2147483647;
			files = (
				FA1E5C9E28C5F29E00B24ABA /* SampleHandler.mm in Sources */,
			);
			runOnlyForDeploymentPostprocessing = 0;
		};
		FA1E5CA028C5F29E00B24ABA /* Sources */ = {
			isa = PBXSourcesBuildPhase;
			buildActionMask = 2147483647;
			files = (
				FA1E5CAB28C5F29E00B24ABA /* BroadcastSetupViewController.m in Sources */,
			);
			runOnlyForDeploymentPostprocessing = 0;
		};
/* End PBXSourcesBuildPhase section */

/* Begin PBXTargetDependency section */
		00E356F51AD99517003FC87E /* PBXTargetDependency */ = {
			isa = PBXTargetDependency;
			target = 13B07F861A680F5B00A75B9A /* LMC */;
			targetProxy = 00E356F41AD99517003FC87E /* PBXContainerItemProxy */;
		};
		FA1E5CAE28C5F29E00B24ABA /* PBXTargetDependency */ = {
			isa = PBXTargetDependency;
			target = FA1E5CA328C5F29E00B24ABA /* ScreenShareSetupUI */;
			targetProxy = FA1E5CAD28C5F29E00B24ABA /* PBXContainerItemProxy */;
		};
		FA1E5CB128C5F29E00B24ABA /* PBXTargetDependency */ = {
			isa = PBXTargetDependency;
			target = FA1E5C9728C5F29E00B24ABA /* ScreenShare */;
			targetProxy = FA1E5CB028C5F29E00B24ABA /* PBXContainerItemProxy */;
		};
/* End PBXTargetDependency section */

/* Begin XCBuildConfiguration section */
		00E356F61AD99517003FC87E /* Debug */ = {
			isa = XCBuildConfiguration;
			baseConfigurationReference = 78253448B9895A0324BAE1F0 /* Pods-LMC-LMCTests.debug.xcconfig */;
			buildSettings = {
				BUNDLE_LOADER = "$(TEST_HOST)";
				"CODE_SIGN_IDENTITY[sdk=macosx*]" = "-";
				DEVELOPMENT_TEAM = 8WRMS246P5;
				GCC_PREPROCESSOR_DEFINITIONS = (
					"DEBUG=1",
					"$(inherited)",
				);
				INFOPLIST_FILE = LMCTests/Info.plist;
				IPHONEOS_DEPLOYMENT_TARGET = 11.0;
				LD_RUNPATH_SEARCH_PATHS = (
					"$(inherited)",
					"@executable_path/Frameworks",
					"@loader_path/Frameworks",
				);
				OTHER_LDFLAGS = (
					"-ObjC",
					"-lc++",
					"$(inherited)",
				);
				PRODUCT_BUNDLE_IDENTIFIER = "org.reactjs.native.example.$(PRODUCT_NAME:rfc1034identifier)";
				PRODUCT_NAME = "$(TARGET_NAME)";
				TEST_HOST = "$(BUILT_PRODUCTS_DIR)/LMC.app/LMC";
			};
			name = Debug;
		};
		00E356F71AD99517003FC87E /* Release */ = {
			isa = XCBuildConfiguration;
			baseConfigurationReference = AC22715FBBDAC509B3E2E16B /* Pods-LMC-LMCTests.release.xcconfig */;
			buildSettings = {
				BUNDLE_LOADER = "$(TEST_HOST)";
				"CODE_SIGN_IDENTITY[sdk=macosx*]" = "-";
				COPY_PHASE_STRIP = NO;
				DEVELOPMENT_TEAM = 8WRMS246P5;
				INFOPLIST_FILE = LMCTests/Info.plist;
				IPHONEOS_DEPLOYMENT_TARGET = 11.0;
				LD_RUNPATH_SEARCH_PATHS = (
					"$(inherited)",
					"@executable_path/Frameworks",
					"@loader_path/Frameworks",
				);
				OTHER_LDFLAGS = (
					"-ObjC",
					"-lc++",
					"$(inherited)",
				);
				PRODUCT_BUNDLE_IDENTIFIER = "org.reactjs.native.example.$(PRODUCT_NAME:rfc1034identifier)";
				PRODUCT_NAME = "$(TARGET_NAME)";
				TEST_HOST = "$(BUILT_PRODUCTS_DIR)/LMC.app/LMC";
			};
			name = Release;
		};
		13B07F941A680F5B00A75B9A /* Debug */ = {
			isa = XCBuildConfiguration;
			baseConfigurationReference = FE001B813B51514B9E8A004D /* Pods-LMC.debug.xcconfig */;
			buildSettings = {
				ASSETCATALOG_COMPILER_APPICON_NAME = AppIcon;
				CLANG_ENABLE_MODULES = YES;
				CODE_SIGN_IDENTITY = "iPhone Developer";
				CODE_SIGN_STYLE = Manual;
				CURRENT_PROJECT_VERSION = 1;
				DEVELOPMENT_TEAM = 7FVLR5K5A8;
				ENABLE_BITCODE = NO;
				FRAMEWORK_SEARCH_PATHS = (
					"$(inherited)",
					"$(PROJECT_DIR)",
				);
				INFOPLIST_FILE = LMC/Info.plist;
				LD_RUNPATH_SEARCH_PATHS = (
					"$(inherited)",
					"@executable_path/Frameworks",
				);
				MARKETING_VERSION = 1.0;
				OTHER_LDFLAGS = (
					"$(inherited)",
					"-ObjC",
					"-lc++",
				);
				PRODUCT_BUNDLE_IDENTIFIER = com.veativeLaunchmycareer.ios;
				PRODUCT_NAME = LMC;
				PROVISIONING_PROFILE_SPECIFIER = Provisioning_Profile_Developement;
				SWIFT_OPTIMIZATION_LEVEL = "-Onone";
				SWIFT_VERSION = 5.0;
				TARGETED_DEVICE_FAMILY = 1;
				VERSIONING_SYSTEM = "apple-generic";
			};
			name = Debug;
		};
		13B07F951A680F5B00A75B9A /* Release */ = {
			isa = XCBuildConfiguration;
			baseConfigurationReference = 330FD164B5173222FB8C6715 /* Pods-LMC.release.xcconfig */;
			buildSettings = {
				ASSETCATALOG_COMPILER_APPICON_NAME = AppIcon;
				CLANG_ENABLE_MODULES = YES;
				CODE_SIGN_IDENTITY = "iPhone Developer";
				CODE_SIGN_STYLE = Manual;
				CURRENT_PROJECT_VERSION = 1;
				DEVELOPMENT_TEAM = 7FVLR5K5A8;
				ENABLE_BITCODE = NO;
				FRAMEWORK_SEARCH_PATHS = (
					"$(inherited)",
					"$(PROJECT_DIR)",
				);
				INFOPLIST_FILE = LMC/Info.plist;
				LD_RUNPATH_SEARCH_PATHS = (
					"$(inherited)",
					"@executable_path/Frameworks",
				);
				MARKETING_VERSION = 1.0;
				OTHER_LDFLAGS = (
					"$(inherited)",
					"-ObjC",
					"-lc++",
				);
				PRODUCT_BUNDLE_IDENTIFIER = com.veativeLaunchmycareer.ios;
				PRODUCT_NAME = LMC;
				PROVISIONING_PROFILE_SPECIFIER = Provisioning_Profile_Developement;
				SWIFT_VERSION = 5.0;
				TARGETED_DEVICE_FAMILY = 1;
				VERSIONING_SYSTEM = "apple-generic";
			};
			name = Release;
		};
		83CBBA201A601CBA00E9B192 /* Debug */ = {
			isa = XCBuildConfiguration;
			buildSettings = {
				ALWAYS_SEARCH_USER_PATHS = NO;
				CLANG_ANALYZER_LOCALIZABILITY_NONLOCALIZED = YES;
				CLANG_CXX_LANGUAGE_STANDARD = "gnu++0x";
				CLANG_CXX_LIBRARY = "libc++";
				CLANG_ENABLE_MODULES = YES;
				CLANG_ENABLE_OBJC_ARC = YES;
				CLANG_WARN_BLOCK_CAPTURE_AUTORELEASING = YES;
				CLANG_WARN_BOOL_CONVERSION = YES;
				CLANG_WARN_COMMA = YES;
				CLANG_WARN_CONSTANT_CONVERSION = YES;
				CLANG_WARN_DEPRECATED_OBJC_IMPLEMENTATIONS = YES;
				CLANG_WARN_DIRECT_OBJC_ISA_USAGE = YES_ERROR;
				CLANG_WARN_EMPTY_BODY = YES;
				CLANG_WARN_ENUM_CONVERSION = YES;
				CLANG_WARN_INFINITE_RECURSION = YES;
				CLANG_WARN_INT_CONVERSION = YES;
				CLANG_WARN_NON_LITERAL_NULL_CONVERSION = YES;
				CLANG_WARN_OBJC_IMPLICIT_RETAIN_SELF = YES;
				CLANG_WARN_OBJC_LITERAL_CONVERSION = YES;
				CLANG_WARN_OBJC_ROOT_CLASS = YES_ERROR;
				CLANG_WARN_QUOTED_INCLUDE_IN_FRAMEWORK_HEADER = YES;
				CLANG_WARN_RANGE_LOOP_ANALYSIS = YES;
				CLANG_WARN_STRICT_PROTOTYPES = YES;
				CLANG_WARN_SUSPICIOUS_MOVE = YES;
				CLANG_WARN_UNREACHABLE_CODE = YES;
				CLANG_WARN__DUPLICATE_METHOD_MATCH = YES;
				"CODE_SIGN_IDENTITY[sdk=iphoneos*]" = "iPhone Developer";
				COPY_PHASE_STRIP = NO;
				ENABLE_STRICT_OBJC_MSGSEND = YES;
				ENABLE_TESTABILITY = YES;
				GCC_C_LANGUAGE_STANDARD = gnu99;
				GCC_DYNAMIC_NO_PIC = NO;
				GCC_NO_COMMON_BLOCKS = YES;
				GCC_OPTIMIZATION_LEVEL = 0;
				GCC_PREPROCESSOR_DEFINITIONS = (
					"DEBUG=1",
					"$(inherited)",
				);
				GCC_SYMBOLS_PRIVATE_EXTERN = NO;
				GCC_WARN_64_TO_32_BIT_CONVERSION = YES;
				GCC_WARN_ABOUT_RETURN_TYPE = YES_ERROR;
				GCC_WARN_UNDECLARED_SELECTOR = YES;
				GCC_WARN_UNINITIALIZED_AUTOS = YES_AGGRESSIVE;
				GCC_WARN_UNUSED_FUNCTION = YES;
				GCC_WARN_UNUSED_VARIABLE = YES;
				IPHONEOS_DEPLOYMENT_TARGET = 11.0;
				LD_RUNPATH_SEARCH_PATHS = (
					/usr/lib/swift,
					"$(inherited)",
				);
				LIBRARY_SEARCH_PATHS = (
					"\"$(SDKROOT)/usr/lib/swift\"",
					"\"$(TOOLCHAIN_DIR)/usr/lib/swift/$(PLATFORM_NAME)\"",
					"\"$(inherited)\"",
				);
				MTL_ENABLE_DEBUG_INFO = YES;
				ONLY_ACTIVE_ARCH = NO;
				SDKROOT = iphoneos;
				VALIDATE_WORKSPACE = YES;
			};
			name = Debug;
		};
		83CBBA211A601CBA00E9B192 /* Release */ = {
			isa = XCBuildConfiguration;
			buildSettings = {
				ALWAYS_SEARCH_USER_PATHS = NO;
				CLANG_ANALYZER_LOCALIZABILITY_NONLOCALIZED = YES;
				CLANG_CXX_LANGUAGE_STANDARD = "gnu++0x";
				CLANG_CXX_LIBRARY = "libc++";
				CLANG_ENABLE_MODULES = YES;
				CLANG_ENABLE_OBJC_ARC = YES;
				CLANG_WARN_BLOCK_CAPTURE_AUTORELEASING = YES;
				CLANG_WARN_BOOL_CONVERSION = YES;
				CLANG_WARN_COMMA = YES;
				CLANG_WARN_CONSTANT_CONVERSION = YES;
				CLANG_WARN_DEPRECATED_OBJC_IMPLEMENTATIONS = YES;
				CLANG_WARN_DIRECT_OBJC_ISA_USAGE = YES_ERROR;
				CLANG_WARN_EMPTY_BODY = YES;
				CLANG_WARN_ENUM_CONVERSION = YES;
				CLANG_WARN_INFINITE_RECURSION = YES;
				CLANG_WARN_INT_CONVERSION = YES;
				CLANG_WARN_NON_LITERAL_NULL_CONVERSION = YES;
				CLANG_WARN_OBJC_IMPLICIT_RETAIN_SELF = YES;
				CLANG_WARN_OBJC_LITERAL_CONVERSION = YES;
				CLANG_WARN_OBJC_ROOT_CLASS = YES_ERROR;
				CLANG_WARN_QUOTED_INCLUDE_IN_FRAMEWORK_HEADER = YES;
				CLANG_WARN_RANGE_LOOP_ANALYSIS = YES;
				CLANG_WARN_STRICT_PROTOTYPES = YES;
				CLANG_WARN_SUSPICIOUS_MOVE = YES;
				CLANG_WARN_UNREACHABLE_CODE = YES;
				CLANG_WARN__DUPLICATE_METHOD_MATCH = YES;
				"CODE_SIGN_IDENTITY[sdk=iphoneos*]" = "iPhone Developer";
				COPY_PHASE_STRIP = YES;
				ENABLE_NS_ASSERTIONS = NO;
				ENABLE_STRICT_OBJC_MSGSEND = YES;
				GCC_C_LANGUAGE_STANDARD = gnu99;
				GCC_NO_COMMON_BLOCKS = YES;
				GCC_WARN_64_TO_32_BIT_CONVERSION = YES;
				GCC_WARN_ABOUT_RETURN_TYPE = YES_ERROR;
				GCC_WARN_UNDECLARED_SELECTOR = YES;
				GCC_WARN_UNINITIALIZED_AUTOS = YES_AGGRESSIVE;
				GCC_WARN_UNUSED_FUNCTION = YES;
				GCC_WARN_UNUSED_VARIABLE = YES;
				IPHONEOS_DEPLOYMENT_TARGET = 11.0;
				LD_RUNPATH_SEARCH_PATHS = (
					/usr/lib/swift,
					"$(inherited)",
				);
				LIBRARY_SEARCH_PATHS = (
					"\"$(SDKROOT)/usr/lib/swift\"",
					"\"$(TOOLCHAIN_DIR)/usr/lib/swift/$(PLATFORM_NAME)\"",
					"\"$(inherited)\"",
				);
				MTL_ENABLE_DEBUG_INFO = NO;
				SDKROOT = iphoneos;
				VALIDATE_PRODUCT = YES;
				VALIDATE_WORKSPACE = YES;
			};
			name = Release;
		};
		FA1E5CB428C5F29E00B24ABA /* Debug */ = {
			isa = XCBuildConfiguration;
			buildSettings = {
				CLANG_ANALYZER_NONNULL = YES;
				CLANG_ANALYZER_NUMBER_OBJECT_CONVERSION = YES_AGGRESSIVE;
				CLANG_CXX_LANGUAGE_STANDARD = "gnu++17";
				CLANG_ENABLE_OBJC_WEAK = YES;
				CLANG_WARN_DOCUMENTATION_COMMENTS = YES;
				CLANG_WARN_UNGUARDED_AVAILABILITY = YES_AGGRESSIVE;
				CODE_SIGN_IDENTITY = "iPhone Developer";
				CODE_SIGN_STYLE = Automatic;
				CURRENT_PROJECT_VERSION = 1;
				DEBUG_INFORMATION_FORMAT = dwarf;
				DEVELOPMENT_TEAM = 7FVLR5K5A8;
				GCC_C_LANGUAGE_STANDARD = gnu11;
				GENERATE_INFOPLIST_FILE = YES;
				INFOPLIST_FILE = ScreenShareSetupUI/Info.plist;
				INFOPLIST_KEY_CFBundleDisplayName = ScreenShareSetupUI;
				INFOPLIST_KEY_NSHumanReadableCopyright = "";
				IPHONEOS_DEPLOYMENT_TARGET = 15.5;
				LD_RUNPATH_SEARCH_PATHS = (
					"$(inherited)",
					"@executable_path/Frameworks",
					"@executable_path/../../Frameworks",
				);
				MARKETING_VERSION = 1.0;
				MTL_ENABLE_DEBUG_INFO = INCLUDE_SOURCE;
				MTL_FAST_MATH = YES;
				ONLY_ACTIVE_ARCH = YES;
				PRODUCT_BUNDLE_IDENTIFIER = com.veativeLaunchmycareer.ios.ScreenShareSetupUI;
				PRODUCT_NAME = "$(TARGET_NAME)";
				SKIP_INSTALL = YES;
				SWIFT_EMIT_LOC_STRINGS = YES;
				TARGETED_DEVICE_FAMILY = "1,2";
			};
			name = Debug;
		};
		FA1E5CB528C5F29E00B24ABA /* Release */ = {
			isa = XCBuildConfiguration;
			buildSettings = {
				CLANG_ANALYZER_NONNULL = YES;
				CLANG_ANALYZER_NUMBER_OBJECT_CONVERSION = YES_AGGRESSIVE;
				CLANG_CXX_LANGUAGE_STANDARD = "gnu++17";
				CLANG_ENABLE_OBJC_WEAK = YES;
				CLANG_WARN_DOCUMENTATION_COMMENTS = YES;
				CLANG_WARN_UNGUARDED_AVAILABILITY = YES_AGGRESSIVE;
				CODE_SIGN_IDENTITY = "iPhone Developer";
				CODE_SIGN_STYLE = Automatic;
				COPY_PHASE_STRIP = NO;
				CURRENT_PROJECT_VERSION = 1;
				DEBUG_INFORMATION_FORMAT = "dwarf-with-dsym";
				DEVELOPMENT_TEAM = 7FVLR5K5A8;
				GCC_C_LANGUAGE_STANDARD = gnu11;
				GENERATE_INFOPLIST_FILE = YES;
				INFOPLIST_FILE = ScreenShareSetupUI/Info.plist;
				INFOPLIST_KEY_CFBundleDisplayName = ScreenShareSetupUI;
				INFOPLIST_KEY_NSHumanReadableCopyright = "";
				IPHONEOS_DEPLOYMENT_TARGET = 15.5;
				LD_RUNPATH_SEARCH_PATHS = (
					"$(inherited)",
					"@executable_path/Frameworks",
					"@executable_path/../../Frameworks",
				);
				MARKETING_VERSION = 1.0;
				MTL_FAST_MATH = YES;
				PRODUCT_BUNDLE_IDENTIFIER = com.veativeLaunchmycareer.ios.ScreenShareSetupUI;
				PRODUCT_NAME = "$(TARGET_NAME)";
				SKIP_INSTALL = YES;
				SWIFT_EMIT_LOC_STRINGS = YES;
				TARGETED_DEVICE_FAMILY = "1,2";
			};
			name = Release;
		};
		FA1E5CB728C5F29E00B24ABA /* Debug */ = {
			isa = XCBuildConfiguration;
			buildSettings = {
				CLANG_ANALYZER_NONNULL = YES;
				CLANG_ANALYZER_NUMBER_OBJECT_CONVERSION = YES_AGGRESSIVE;
				CLANG_CXX_LANGUAGE_STANDARD = "gnu++17";
				CLANG_ENABLE_OBJC_WEAK = YES;
				CLANG_WARN_DOCUMENTATION_COMMENTS = YES;
				CLANG_WARN_UNGUARDED_AVAILABILITY = YES_AGGRESSIVE;
				CODE_SIGN_IDENTITY = "iPhone Developer";
				CODE_SIGN_STYLE = Automatic;
				CURRENT_PROJECT_VERSION = 1;
				DEBUG_INFORMATION_FORMAT = dwarf;
				DEVELOPMENT_TEAM = 7FVLR5K5A8;
				ENABLE_BITCODE = NO;
				GCC_C_LANGUAGE_STANDARD = gnu11;
				GENERATE_INFOPLIST_FILE = YES;
				INFOPLIST_FILE = ScreenShare/Info.plist;
				INFOPLIST_KEY_CFBundleDisplayName = ScreenShare;
				INFOPLIST_KEY_NSHumanReadableCopyright = "";
				IPHONEOS_DEPLOYMENT_TARGET = 11.0;
				LD_RUNPATH_SEARCH_PATHS = (
					"$(inherited)",
					"@executable_path/Frameworks",
					"@executable_path/../../Frameworks",
				);
				MARKETING_VERSION = 1.0;
				MTL_ENABLE_DEBUG_INFO = INCLUDE_SOURCE;
				MTL_FAST_MATH = YES;
				ONLY_ACTIVE_ARCH = YES;
				PRODUCT_BUNDLE_IDENTIFIER = com.veativeLaunchmycareer.ios.ScreenShare;
				PRODUCT_NAME = "$(TARGET_NAME)";
				SKIP_INSTALL = YES;
				SWIFT_EMIT_LOC_STRINGS = YES;
				TARGETED_DEVICE_FAMILY = "1,2";
			};
			name = Debug;
		};
		FA1E5CB828C5F29E00B24ABA /* Release */ = {
			isa = XCBuildConfiguration;
			buildSettings = {
				CLANG_ANALYZER_NONNULL = YES;
				CLANG_ANALYZER_NUMBER_OBJECT_CONVERSION = YES_AGGRESSIVE;
				CLANG_CXX_LANGUAGE_STANDARD = "gnu++17";
				CLANG_ENABLE_OBJC_WEAK = YES;
				CLANG_WARN_DOCUMENTATION_COMMENTS = YES;
				CLANG_WARN_UNGUARDED_AVAILABILITY = YES_AGGRESSIVE;
				CODE_SIGN_IDENTITY = "iPhone Developer";
				CODE_SIGN_STYLE = Automatic;
				COPY_PHASE_STRIP = NO;
				CURRENT_PROJECT_VERSION = 1;
				DEBUG_INFORMATION_FORMAT = "dwarf-with-dsym";
				DEVELOPMENT_TEAM = 7FVLR5K5A8;
				ENABLE_BITCODE = NO;
				GCC_C_LANGUAGE_STANDARD = gnu11;
				GENERATE_INFOPLIST_FILE = YES;
				INFOPLIST_FILE = ScreenShare/Info.plist;
				INFOPLIST_KEY_CFBundleDisplayName = ScreenShare;
				INFOPLIST_KEY_NSHumanReadableCopyright = "";
				IPHONEOS_DEPLOYMENT_TARGET = 11.0;
				LD_RUNPATH_SEARCH_PATHS = (
					"$(inherited)",
					"@executable_path/Frameworks",
					"@executable_path/../../Frameworks",
				);
				MARKETING_VERSION = 1.0;
				MTL_FAST_MATH = YES;
				PRODUCT_BUNDLE_IDENTIFIER = com.veativeLaunchmycareer.ios.ScreenShare;
				PRODUCT_NAME = "$(TARGET_NAME)";
				SKIP_INSTALL = YES;
				SWIFT_EMIT_LOC_STRINGS = YES;
				TARGETED_DEVICE_FAMILY = "1,2";
			};
			name = Release;
		};
/* End XCBuildConfiguration section */

/* Begin XCConfigurationList section */
		00E357021AD99517003FC87E /* Build configuration list for PBXNativeTarget "LMCTests" */ = {
			isa = XCConfigurationList;
			buildConfigurations = (
				00E356F61AD99517003FC87E /* Debug */,
				00E356F71AD99517003FC87E /* Release */,
			);
			defaultConfigurationIsVisible = 0;
			defaultConfigurationName = Release;
		};
		13B07F931A680F5B00A75B9A /* Build configuration list for PBXNativeTarget "LMC" */ = {
			isa = XCConfigurationList;
			buildConfigurations = (
				13B07F941A680F5B00A75B9A /* Debug */,
				13B07F951A680F5B00A75B9A /* Release */,
			);
			defaultConfigurationIsVisible = 0;
			defaultConfigurationName = Release;
		};
		83CBB9FA1A601CBA00E9B192 /* Build configuration list for PBXProject "LMC" */ = {
			isa = XCConfigurationList;
			buildConfigurations = (
				83CBBA201A601CBA00E9B192 /* Debug */,
				83CBBA211A601CBA00E9B192 /* Release */,
			);
			defaultConfigurationIsVisible = 0;
			defaultConfigurationName = Release;
		};
		FA1E5CB328C5F29E00B24ABA /* Build configuration list for PBXNativeTarget "ScreenShareSetupUI" */ = {
			isa = XCConfigurationList;
			buildConfigurations = (
				FA1E5CB428C5F29E00B24ABA /* Debug */,
				FA1E5CB528C5F29E00B24ABA /* Release */,
			);
			defaultConfigurationIsVisible = 0;
			defaultConfigurationName = Release;
		};
		FA1E5CB628C5F29E00B24ABA /* Build configuration list for PBXNativeTarget "ScreenShare" */ = {
			isa = XCConfigurationList;
			buildConfigurations = (
				FA1E5CB728C5F29E00B24ABA /* Debug */,
				FA1E5CB828C5F29E00B24ABA /* Release */,
			);
			defaultConfigurationIsVisible = 0;
			defaultConfigurationName = Release;
		};
/* End XCConfigurationList section */
	};
	rootObject = 83CBB9F71A601CBA00E9B192 /* Project object */;
}
